
Microsoft Visual Studio Solution File, Format Version 12.00
# Visual Studio Version 17
VisualStudioVersion = 17.9.34728.123
MinimumVisualStudioVersion = 10.0.40219.1
Project("{FAE04EC0-301F-11D3-BF4B-00C04F79EFBC}") = "DatabazePotraviny", "DatabazePotraviny\DatabazePotraviny.csproj", "{C709FEEF-EC63-42DD-8C96-EAAE91451185}"
EndProject
Global
	GlobalSection(SolutionConfigurationPlatforms) = preSolution
		Debug|Any CPU = Debug|Any CPU
		Release|Any CPU = Release|Any CPU
	EndGlobalSection
	GlobalSection(ProjectConfigurationPlatforms) = postSolution
		{C709FEEF-EC63-42DD-8C96-EAAE91451185}.Debug|Any CPU.ActiveCfg = Debug|Any CPU
		{C709FEEF-EC63-42DD-8C96-EAAE91451185}.Debug|Any CPU.Build.0 = Debug|Any CPU
		{C709FEEF-EC63-42DD-8C96-EAAE91451185}.Release|Any CPU.ActiveCfg = Release|Any CPU
		{C709FEEF-EC63-42DD-8C96-EAAE91451185}.Release|Any CPU.Build.0 = Release|Any CPU
	EndGlobalSection
	GlobalSection(SolutionProperties) = preSolution
		HideSolutionNode = FALSE
	EndGlobalSection
	GlobalSection(ExtensibilityGlobals) = postSolution
		SolutionGuid = {B0EA9DEC-8E61-47C4-8D7F-AD007F309E61}
	EndGlobalSection
EndGlobal
